// !$*UTF8*$!
{
	archiveVersion = 1;
	classes = {
	};
	objectVersion = 46;
	objects = {

/* Begin PBXBuildFile section */
		0091D8F90E81B9330029341E /* OpenGL.framework in Frameworks */ = {isa = PBXBuildFile; fileRef = 0091D8F80E81B9330029341E /* OpenGL.framework */; };
		00B784B30FF439BC000DE1D7 /* Accelerate.framework in Frameworks */ = {isa = PBXBuildFile; fileRef = 00B784AF0FF439BC000DE1D7 /* Accelerate.framework */; };
		00B784B40FF439BC000DE1D7 /* AudioToolbox.framework in Frameworks */ = {isa = PBXBuildFile; fileRef = 00B784B00FF439BC000DE1D7 /* AudioToolbox.framework */; };
		00B784B50FF439BC000DE1D7 /* AudioUnit.framework in Frameworks */ = {isa = PBXBuildFile; fileRef = 00B784B10FF439BC000DE1D7 /* AudioUnit.framework */; };
		00B784B60FF439BC000DE1D7 /* CoreAudio.framework in Frameworks */ = {isa = PBXBuildFile; fileRef = 00B784B20FF439BC000DE1D7 /* CoreAudio.framework */; };
		010D657419E13D490038AA8F /* MainTaskHandler.cpp in Sources */ = {isa = PBXBuildFile; fileRef = 010D657219E13D490038AA8F /* MainTaskHandler.cpp */; };
		010D657D19E1722F0038AA8F /* ArmNode.cpp in Sources */ = {isa = PBXBuildFile; fileRef = 010D657B19E1722F0038AA8F /* ArmNode.cpp */; };
		010D658219E172740038AA8F /* HandControler.cpp in Sources */ = {isa = PBXBuildFile; fileRef = 010D658019E172740038AA8F /* HandControler.cpp */; };
		01B1638419C6DCAA00F93D3C /* NewMediaFett.ttf in Resources */ = {isa = PBXBuildFile; fileRef = 01B1638319C6DCAA00F93D3C /* NewMediaFett.ttf */; };
		01B1638F19C7086900F93D3C /* AxisData.cpp in Sources */ = {isa = PBXBuildFile; fileRef = 01B1638B19C7086900F93D3C /* AxisData.cpp */; };
		01B1639019C7086900F93D3C /* AxisUI.cpp in Sources */ = {isa = PBXBuildFile; fileRef = 01B1638D19C7086900F93D3C /* AxisUI.cpp */; };
		01B1639319C71BB800F93D3C /* ArmViewport.cpp in Sources */ = {isa = PBXBuildFile; fileRef = 01B1639119C71BB800F93D3C /* ArmViewport.cpp */; };
		01B1639719C7356B00F93D3C /* LogUI.cpp in Sources */ = {isa = PBXBuildFile; fileRef = 01B1639519C7356B00F93D3C /* LogUI.cpp */; };
		01B1639A19C7358400F93D3C /* PositionUI.cpp in Sources */ = {isa = PBXBuildFile; fileRef = 01B1639819C7358400F93D3C /* PositionUI.cpp */; };
		01B1639D19C735DF00F93D3C /* ArmPosition.cpp in Sources */ = {isa = PBXBuildFile; fileRef = 01B1639B19C735DF00F93D3C /* ArmPosition.cpp */; };
		01B163A319C81BF100F93D3C /* SerialHandler.cpp in Sources */ = {isa = PBXBuildFile; fileRef = 01B163A119C81BF100F93D3C /* SerialHandler.cpp */; };
		196A151BDD7B4D649A5B4E68 /* NPBOTApp.cpp in Sources */ = {isa = PBXBuildFile; fileRef = 73E3A496DB794C37A6099900 /* NPBOTApp.cpp */; };
		47F9BB7EDBB3410BA825646F /* CinderApp.icns in Resources */ = {isa = PBXBuildFile; fileRef = BE08E45AB5AB4B0BBE5A0E8A /* CinderApp.icns */; };
		5323E6B20EAFCA74003A9687 /* CoreVideo.framework in Frameworks */ = {isa = PBXBuildFile; fileRef = 5323E6B10EAFCA74003A9687 /* CoreVideo.framework */; };
		5323E6B60EAFCA7E003A9687 /* QTKit.framework in Frameworks */ = {isa = PBXBuildFile; fileRef = 5323E6B50EAFCA7E003A9687 /* QTKit.framework */; };
		8D11072F0486CEB800E47090 /* Cocoa.framework in Frameworks */ = {isa = PBXBuildFile; fileRef = 1058C7A1FEA54F0111CA2CBB /* Cocoa.framework */; };
/* End PBXBuildFile section */

/* Begin PBXFileReference section */
		0091D8F80E81B9330029341E /* OpenGL.framework */ = {isa = PBXFileReference; lastKnownFileType = wrapper.framework; name = OpenGL.framework; path = /System/Library/Frameworks/OpenGL.framework; sourceTree = "<absolute>"; };
		00B784AF0FF439BC000DE1D7 /* Accelerate.framework */ = {isa = PBXFileReference; lastKnownFileType = wrapper.framework; name = Accelerate.framework; path = System/Library/Frameworks/Accelerate.framework; sourceTree = SDKROOT; };
		00B784B00FF439BC000DE1D7 /* AudioToolbox.framework */ = {isa = PBXFileReference; lastKnownFileType = wrapper.framework; name = AudioToolbox.framework; path = System/Library/Frameworks/AudioToolbox.framework; sourceTree = SDKROOT; };
		00B784B10FF439BC000DE1D7 /* AudioUnit.framework */ = {isa = PBXFileReference; lastKnownFileType = wrapper.framework; name = AudioUnit.framework; path = System/Library/Frameworks/AudioUnit.framework; sourceTree = SDKROOT; };
		00B784B20FF439BC000DE1D7 /* CoreAudio.framework */ = {isa = PBXFileReference; lastKnownFileType = wrapper.framework; name = CoreAudio.framework; path = System/Library/Frameworks/CoreAudio.framework; sourceTree = SDKROOT; };
		010D657219E13D490038AA8F /* MainTaskHandler.cpp */ = {isa = PBXFileReference; fileEncoding = 4; lastKnownFileType = sourcecode.cpp.cpp; name = MainTaskHandler.cpp; path = ../src/MainTaskHandler.cpp; sourceTree = "<group>"; };
		010D657319E13D490038AA8F /* MainTaskHandler.h */ = {isa = PBXFileReference; fileEncoding = 4; lastKnownFileType = sourcecode.c.h; name = MainTaskHandler.h; path = ../src/MainTaskHandler.h; sourceTree = "<group>"; };
		010D657519E144EC0038AA8F /* Task.h */ = {isa = PBXFileReference; lastKnownFileType = sourcecode.c.h; path = Task.h; sourceTree = "<group>"; };
		010D657819E154DA0038AA8F /* SnapTask.h */ = {isa = PBXFileReference; lastKnownFileType = sourcecode.c.h; name = SnapTask.h; path = ../src/SnapTask.h; sourceTree = "<group>"; };
		010D657B19E1722F0038AA8F /* ArmNode.cpp */ = {isa = PBXFileReference; fileEncoding = 4; lastKnownFileType = sourcecode.cpp.cpp; name = ArmNode.cpp; path = ../src/ArmNode.cpp; sourceTree = "<group>"; };
		010D657C19E1722F0038AA8F /* ArmNode.h */ = {isa = PBXFileReference; fileEncoding = 4; lastKnownFileType = sourcecode.c.h; name = ArmNode.h; path = ../src/ArmNode.h; sourceTree = "<group>"; };
		010D657E19E172500038AA8F /* CaptureImage.h */ = {isa = PBXFileReference; lastKnownFileType = sourcecode.c.h; name = CaptureImage.h; path = ../src/CaptureImage.h; sourceTree = "<group>"; };
		010D657F19E1725B0038AA8F /* HomingTask.h */ = {isa = PBXFileReference; lastKnownFileType = sourcecode.c.h; name = HomingTask.h; path = ../src/HomingTask.h; sourceTree = "<group>"; };
		010D658019E172740038AA8F /* HandControler.cpp */ = {isa = PBXFileReference; fileEncoding = 4; lastKnownFileType = sourcecode.cpp.cpp; name = HandControler.cpp; path = ../src/HandControler.cpp; sourceTree = "<group>"; };
		010D658119E172740038AA8F /* HandControler.h */ = {isa = PBXFileReference; fileEncoding = 4; lastKnownFileType = sourcecode.c.h; name = HandControler.h; path = ../src/HandControler.h; sourceTree = "<group>"; };
		01B1638319C6DCAA00F93D3C /* NewMediaFett.ttf */ = {isa = PBXFileReference; lastKnownFileType = file; path = NewMediaFett.ttf; sourceTree = "<group>"; };
		01B1638B19C7086900F93D3C /* AxisData.cpp */ = {isa = PBXFileReference; fileEncoding = 4; lastKnownFileType = sourcecode.cpp.cpp; name = AxisData.cpp; path = ../src/AxisData.cpp; sourceTree = "<group>"; };
		01B1638C19C7086900F93D3C /* AxisData.h */ = {isa = PBXFileReference; fileEncoding = 4; lastKnownFileType = sourcecode.c.h; name = AxisData.h; path = ../src/AxisData.h; sourceTree = "<group>"; };
		01B1638D19C7086900F93D3C /* AxisUI.cpp */ = {isa = PBXFileReference; fileEncoding = 4; lastKnownFileType = sourcecode.cpp.cpp; name = AxisUI.cpp; path = ../src/AxisUI.cpp; sourceTree = "<group>"; };
		01B1638E19C7086900F93D3C /* AxisUI.h */ = {isa = PBXFileReference; fileEncoding = 4; lastKnownFileType = sourcecode.c.h; name = AxisUI.h; path = ../src/AxisUI.h; sourceTree = "<group>"; };
		01B1639119C71BB800F93D3C /* ArmViewport.cpp */ = {isa = PBXFileReference; fileEncoding = 4; lastKnownFileType = sourcecode.cpp.cpp; name = ArmViewport.cpp; path = ../src/ArmViewport.cpp; sourceTree = "<group>"; };
		01B1639219C71BB800F93D3C /* ArmViewport.h */ = {isa = PBXFileReference; fileEncoding = 4; lastKnownFileType = sourcecode.c.h; name = ArmViewport.h; path = ../src/ArmViewport.h; sourceTree = "<group>"; };
		01B1639519C7356B00F93D3C /* LogUI.cpp */ = {isa = PBXFileReference; fileEncoding = 4; lastKnownFileType = sourcecode.cpp.cpp; name = LogUI.cpp; path = ../src/LogUI.cpp; sourceTree = "<group>"; };
		01B1639619C7356B00F93D3C /* LogUI.h */ = {isa = PBXFileReference; fileEncoding = 4; lastKnownFileType = sourcecode.c.h; name = LogUI.h; path = ../src/LogUI.h; sourceTree = "<group>"; };
		01B1639819C7358400F93D3C /* PositionUI.cpp */ = {isa = PBXFileReference; fileEncoding = 4; lastKnownFileType = sourcecode.cpp.cpp; name = PositionUI.cpp; path = ../src/PositionUI.cpp; sourceTree = "<group>"; };
		01B1639919C7358400F93D3C /* PositionUI.h */ = {isa = PBXFileReference; fileEncoding = 4; lastKnownFileType = sourcecode.c.h; name = PositionUI.h; path = ../src/PositionUI.h; sourceTree = "<group>"; };
		01B1639B19C735DF00F93D3C /* ArmPosition.cpp */ = {isa = PBXFileReference; fileEncoding = 4; lastKnownFileType = sourcecode.cpp.cpp; name = ArmPosition.cpp; path = ../src/ArmPosition.cpp; sourceTree = "<group>"; };
		01B1639C19C735DF00F93D3C /* ArmPosition.h */ = {isa = PBXFileReference; fileEncoding = 4; lastKnownFileType = sourcecode.c.h; name = ArmPosition.h; path = ../src/ArmPosition.h; sourceTree = "<group>"; };
		01B163A119C81BF100F93D3C /* SerialHandler.cpp */ = {isa = PBXFileReference; fileEncoding = 4; lastKnownFileType = sourcecode.cpp.cpp; name = SerialHandler.cpp; path = ../src/SerialHandler.cpp; sourceTree = "<group>"; };
		01B163A219C81BF100F93D3C /* SerialHandler.h */ = {isa = PBXFileReference; fileEncoding = 4; lastKnownFileType = sourcecode.c.h; name = SerialHandler.h; path = ../src/SerialHandler.h; sourceTree = "<group>"; };
		1058C7A1FEA54F0111CA2CBB /* Cocoa.framework */ = {isa = PBXFileReference; lastKnownFileType = wrapper.framework; name = Cocoa.framework; path = /System/Library/Frameworks/Cocoa.framework; sourceTree = "<absolute>"; };
		29B97324FDCFA39411CA2CEA /* AppKit.framework */ = {isa = PBXFileReference; lastKnownFileType = wrapper.framework; name = AppKit.framework; path = /System/Library/Frameworks/AppKit.framework; sourceTree = "<absolute>"; };
		29B97325FDCFA39411CA2CEA /* Foundation.framework */ = {isa = PBXFileReference; lastKnownFileType = wrapper.framework; name = Foundation.framework; path = /System/Library/Frameworks/Foundation.framework; sourceTree = "<absolute>"; };
		4B9169E417E34556A01ADD4A /* ciUI.h */ = {isa = PBXFileReference; lastKnownFileType = sourcecode.c.h; name = ciUI.h; path = ../blocks/ciUI/src/ciUI.h; sourceTree = "<group>"; };
		5323E6B10EAFCA74003A9687 /* CoreVideo.framework */ = {isa = PBXFileReference; lastKnownFileType = wrapper.framework; name = CoreVideo.framework; path = /System/Library/Frameworks/CoreVideo.framework; sourceTree = "<absolute>"; };
		5323E6B50EAFCA7E003A9687 /* QTKit.framework */ = {isa = PBXFileReference; lastKnownFileType = wrapper.framework; name = QTKit.framework; path = /System/Library/Frameworks/QTKit.framework; sourceTree = "<absolute>"; };
		73E3A496DB794C37A6099900 /* NPBOTApp.cpp */ = {isa = PBXFileReference; lastKnownFileType = sourcecode.c.cpp; name = NPBOTApp.cpp; path = ../src/NPBOTApp.cpp; sourceTree = "<group>"; };
		82C341D896854A8E8DB84560 /* NPBOT_Prefix.pch */ = {isa = PBXFileReference; lastKnownFileType = "\"\""; path = NPBOT_Prefix.pch; sourceTree = "<group>"; };
		8D1107320486CEB800E47090 /* NPBOT.app */ = {isa = PBXFileReference; explicitFileType = wrapper.application; includeInIndex = 0; path = NPBOT.app; sourceTree = BUILT_PRODUCTS_DIR; };
		BE08E45AB5AB4B0BBE5A0E8A /* CinderApp.icns */ = {isa = PBXFileReference; lastKnownFileType = image.icns; name = CinderApp.icns; path = ../resources/CinderApp.icns; sourceTree = "<group>"; };
		C579169249E24BC88B6B770B /* Info.plist */ = {isa = PBXFileReference; lastKnownFileType = text.plist.xml; path = Info.plist; sourceTree = "<group>"; };
		E68EDB94D3A84441AB2BA129 /* Resources.h */ = {isa = PBXFileReference; lastKnownFileType = sourcecode.c.h; name = Resources.h; path = ../include/Resources.h; sourceTree = "<group>"; };
/* End PBXFileReference section */

/* Begin PBXFrameworksBuildPhase section */
		8D11072E0486CEB800E47090 /* Frameworks */ = {
			isa = PBXFrameworksBuildPhase;
			buildActionMask = 2147483647;
			files = (
				8D11072F0486CEB800E47090 /* Cocoa.framework in Frameworks */,
				0091D8F90E81B9330029341E /* OpenGL.framework in Frameworks */,
				5323E6B20EAFCA74003A9687 /* CoreVideo.framework in Frameworks */,
				5323E6B60EAFCA7E003A9687 /* QTKit.framework in Frameworks */,
				00B784B30FF439BC000DE1D7 /* Accelerate.framework in Frameworks */,
				00B784B40FF439BC000DE1D7 /* AudioToolbox.framework in Frameworks */,
				00B784B50FF439BC000DE1D7 /* AudioUnit.framework in Frameworks */,
				00B784B60FF439BC000DE1D7 /* CoreAudio.framework in Frameworks */,
			);
			runOnlyForDeploymentPostprocessing = 0;
		};
/* End PBXFrameworksBuildPhase section */

/* Begin PBXGroup section */
		010D657619E145990038AA8F /* mainTask */ = {
			isa = PBXGroup;
			children = (
				010D657A19E165C60038AA8F /* tasks */,
				010D657219E13D490038AA8F /* MainTaskHandler.cpp */,
				010D657319E13D490038AA8F /* MainTaskHandler.h */,
				010D657519E144EC0038AA8F /* Task.h */,
				010D657E19E172500038AA8F /* CaptureImage.h */,
			);
			name = mainTask;
			sourceTree = "<group>";
		};
		010D657A19E165C60038AA8F /* tasks */ = {
			isa = PBXGroup;
			children = (
				010D657F19E1725B0038AA8F /* HomingTask.h */,
				010D657819E154DA0038AA8F /* SnapTask.h */,
			);
			name = tasks;
			sourceTree = "<group>";
		};
		01B1639419C71EAD00F93D3C /* ui */ = {
			isa = PBXGroup;
			children = (
				01B1639119C71BB800F93D3C /* ArmViewport.cpp */,
				01B1639219C71BB800F93D3C /* ArmViewport.h */,
				01B1638D19C7086900F93D3C /* AxisUI.cpp */,
				01B1638E19C7086900F93D3C /* AxisUI.h */,
				01B1639519C7356B00F93D3C /* LogUI.cpp */,
				01B1639619C7356B00F93D3C /* LogUI.h */,
				01B1639819C7358400F93D3C /* PositionUI.cpp */,
				01B1639919C7358400F93D3C /* PositionUI.h */,
				010D658019E172740038AA8F /* HandControler.cpp */,
				010D658119E172740038AA8F /* HandControler.h */,
			);
			name = ui;
			sourceTree = "<group>";
		};
		01B163A419C8903F00F93D3C /* model */ = {
			isa = PBXGroup;
			children = (
				010D657B19E1722F0038AA8F /* ArmNode.cpp */,
				010D657C19E1722F0038AA8F /* ArmNode.h */,
				01B163A119C81BF100F93D3C /* SerialHandler.cpp */,
				01B163A219C81BF100F93D3C /* SerialHandler.h */,
				01B1638B19C7086900F93D3C /* AxisData.cpp */,
				01B1638C19C7086900F93D3C /* AxisData.h */,
				01B1639B19C735DF00F93D3C /* ArmPosition.cpp */,
				01B1639C19C735DF00F93D3C /* ArmPosition.h */,
			);
			name = model;
			sourceTree = "<group>";
		};
		01B97315FEAEA392516A2CEA /* Blocks */ = {
			isa = PBXGroup;
			children = (
				AB1068D5A95D4EF9A8AFFD0F /* ciUI */,
			);
			name = Blocks;
			sourceTree = "<group>";
		};
		080E96DDFE201D6D7F000001 /* Source */ = {
			isa = PBXGroup;
			children = (
				010D657619E145990038AA8F /* mainTask */,
				01B163A419C8903F00F93D3C /* model */,
				01B1639419C71EAD00F93D3C /* ui */,
				73E3A496DB794C37A6099900 /* NPBOTApp.cpp */,
			);
			name = Source;
			sourceTree = "<group>";
		};
		1058C7A0FEA54F0111CA2CBB /* Linked Frameworks */ = {
			isa = PBXGroup;
			children = (
				00B784AF0FF439BC000DE1D7 /* Accelerate.framework */,
				00B784B00FF439BC000DE1D7 /* AudioToolbox.framework */,
				00B784B10FF439BC000DE1D7 /* AudioUnit.framework */,
				00B784B20FF439BC000DE1D7 /* CoreAudio.framework */,
				5323E6B50EAFCA7E003A9687 /* QTKit.framework */,
				5323E6B10EAFCA74003A9687 /* CoreVideo.framework */,
				0091D8F80E81B9330029341E /* OpenGL.framework */,
				1058C7A1FEA54F0111CA2CBB /* Cocoa.framework */,
			);
			name = "Linked Frameworks";
			sourceTree = "<group>";
		};
		1058C7A2FEA54F0111CA2CBB /* Other Frameworks */ = {
			isa = PBXGroup;
			children = (
				29B97324FDCFA39411CA2CEA /* AppKit.framework */,
				29B97325FDCFA39411CA2CEA /* Foundation.framework */,
			);
			name = "Other Frameworks";
			sourceTree = "<group>";
		};
		19C11BA3041F4DB0BD4F6EFA /* src */ = {
			isa = PBXGroup;
			children = (
				4B9169E417E34556A01ADD4A /* ciUI.h */,
			);
			name = src;
			sourceTree = "<group>";
		};
		19C28FACFE9D520D11CA2CBB /* Products */ = {
			isa = PBXGroup;
			children = (
				8D1107320486CEB800E47090 /* NPBOT.app */,
			);
			name = Products;
			sourceTree = "<group>";
		};
		29B97314FDCFA39411CA2CEA /* NPBOT */ = {
			isa = PBXGroup;
			children = (
				01B1638319C6DCAA00F93D3C /* NewMediaFett.ttf */,
				01B97315FEAEA392516A2CEA /* Blocks */,
				29B97315FDCFA39411CA2CEA /* Headers */,
				080E96DDFE201D6D7F000001 /* Source */,
				29B97317FDCFA39411CA2CEA /* Resources */,
				29B97323FDCFA39411CA2CEA /* Frameworks */,
				19C28FACFE9D520D11CA2CBB /* Products */,
			);
			name = NPBOT;
			sourceTree = "<group>";
		};
		29B97315FDCFA39411CA2CEA /* Headers */ = {
			isa = PBXGroup;
			children = (
				E68EDB94D3A84441AB2BA129 /* Resources.h */,
				82C341D896854A8E8DB84560 /* NPBOT_Prefix.pch */,
			);
			name = Headers;
			sourceTree = "<group>";
		};
		29B97317FDCFA39411CA2CEA /* Resources */ = {
			isa = PBXGroup;
			children = (
				BE08E45AB5AB4B0BBE5A0E8A /* CinderApp.icns */,
				C579169249E24BC88B6B770B /* Info.plist */,
			);
			name = Resources;
			sourceTree = "<group>";
		};
		29B97323FDCFA39411CA2CEA /* Frameworks */ = {
			isa = PBXGroup;
			children = (
				1058C7A0FEA54F0111CA2CBB /* Linked Frameworks */,
				1058C7A2FEA54F0111CA2CBB /* Other Frameworks */,
			);
			name = Frameworks;
			sourceTree = "<group>";
		};
		AB1068D5A95D4EF9A8AFFD0F /* ciUI */ = {
			isa = PBXGroup;
			children = (
				19C11BA3041F4DB0BD4F6EFA /* src */,
			);
			name = ciUI;
			sourceTree = "<group>";
		};
/* End PBXGroup section */

/* Begin PBXNativeTarget section */
		8D1107260486CEB800E47090 /* NPBOT */ = {
			isa = PBXNativeTarget;
			buildConfigurationList = C01FCF4A08A954540054247B /* Build configuration list for PBXNativeTarget "NPBOT" */;
			buildPhases = (
				8D1107290486CEB800E47090 /* Resources */,
				8D11072C0486CEB800E47090 /* Sources */,
				8D11072E0486CEB800E47090 /* Frameworks */,
			);
			buildRules = (
			);
			dependencies = (
			);
			name = NPBOT;
			productInstallPath = "$(HOME)/Applications";
			productName = NPBOT;
			productReference = 8D1107320486CEB800E47090 /* NPBOT.app */;
			productType = "com.apple.product-type.application";
		};
/* End PBXNativeTarget section */

/* Begin PBXProject section */
		29B97313FDCFA39411CA2CEA /* Project object */ = {
			isa = PBXProject;
			attributes = {
			};
			buildConfigurationList = C01FCF4E08A954540054247B /* Build configuration list for PBXProject "NPBOT" */;
			compatibilityVersion = "Xcode 3.2";
			developmentRegion = English;
			hasScannedForEncodings = 1;
			knownRegions = (
				English,
				Japanese,
				French,
				German,
			);
			mainGroup = 29B97314FDCFA39411CA2CEA /* NPBOT */;
			projectDirPath = "";
			projectRoot = "";
			targets = (
				8D1107260486CEB800E47090 /* NPBOT */,
			);
		};
/* End PBXProject section */

/* Begin PBXResourcesBuildPhase section */
		8D1107290486CEB800E47090 /* Resources */ = {
			isa = PBXResourcesBuildPhase;
			buildActionMask = 2147483647;
			files = (
				01B1638419C6DCAA00F93D3C /* NewMediaFett.ttf in Resources */,
				47F9BB7EDBB3410BA825646F /* CinderApp.icns in Resources */,
			);
			runOnlyForDeploymentPostprocessing = 0;
		};
/* End PBXResourcesBuildPhase section */

/* Begin PBXSourcesBuildPhase section */
		8D11072C0486CEB800E47090 /* Sources */ = {
			isa = PBXSourcesBuildPhase;
			buildActionMask = 2147483647;
			files = (
				01B1639A19C7358400F93D3C /* PositionUI.cpp in Sources */,
				010D658219E172740038AA8F /* HandControler.cpp in Sources */,
				01B1639D19C735DF00F93D3C /* ArmPosition.cpp in Sources */,
				010D657D19E1722F0038AA8F /* ArmNode.cpp in Sources */,
				01B1639719C7356B00F93D3C /* LogUI.cpp in Sources */,
				01B1639319C71BB800F93D3C /* ArmViewport.cpp in Sources */,
				01B1638F19C7086900F93D3C /* AxisData.cpp in Sources */,
				010D657419E13D490038AA8F /* MainTaskHandler.cpp in Sources */,
				01B163A319C81BF100F93D3C /* SerialHandler.cpp in Sources */,
				196A151BDD7B4D649A5B4E68 /* NPBOTApp.cpp in Sources */,
				01B1639019C7086900F93D3C /* AxisUI.cpp in Sources */,
			);
			runOnlyForDeploymentPostprocessing = 0;
		};
/* End PBXSourcesBuildPhase section */

/* Begin XCBuildConfiguration section */
		C01FCF4B08A954540054247B /* Debug */ = {
			isa = XCBuildConfiguration;
			buildSettings = {
				COMBINE_HIDPI_IMAGES = YES;
				COPY_PHASE_STRIP = NO;
				DEAD_CODE_STRIPPING = YES;
				GCC_DYNAMIC_NO_PIC = NO;
				GCC_INLINES_ARE_PRIVATE_EXTERN = YES;
				GCC_OPTIMIZATION_LEVEL = 0;
				GCC_PRECOMPILE_PREFIX_HEADER = YES;
				GCC_PREFIX_HEADER = NPBOT_Prefix.pch;
				GCC_PREPROCESSOR_DEFINITIONS = (
					"DEBUG=1",
					"$(inherited)",
				);
				GCC_SYMBOLS_PRIVATE_EXTERN = NO;
				INFOPLIST_FILE = Info.plist;
				INSTALL_PATH = "$(HOME)/Applications";
				OTHER_LDFLAGS = (
					"\"$(CINDER_PATH)/lib/libcinder_d.a\"",
					../blocks/OpenCV/lib/macosx/libopencv_calib3d.a,
					../blocks/OpenCV/lib/macosx/libopencv_contrib.a,
					../blocks/OpenCV/lib/macosx/libopencv_core.a,
					../blocks/OpenCV/lib/macosx/libopencv_flann.a,
					../blocks/OpenCV/lib/macosx/libopencv_features2d.a,
					../blocks/OpenCV/lib/macosx/libopencv_haartraining_engine.a,
					../blocks/OpenCV/lib/macosx/libopencv_highgui.a,
					../blocks/OpenCV/lib/macosx/libopencv_gpu.a,
					../blocks/OpenCV/lib/macosx/libopencv_imgproc.a,
					../blocks/OpenCV/lib/macosx/libopencv_legacy.a,
					../blocks/OpenCV/lib/macosx/libopencv_videostab.a,
					../blocks/OpenCV/lib/macosx/libopencv_video.a,
					../blocks/OpenCV/lib/macosx/libopencv_ts.a,
					../blocks/OpenCV/lib/macosx/libopencv_photo.a,
					../blocks/OpenCV/lib/macosx/libopencv_objdetect.a,
					../blocks/OpenCV/lib/macosx/libopencv_ml.a,
					../blocks/OpenCV/lib/macosx/libopencv_nonfree.a,
					../blocks/OpenCV/lib/macosx/libopencv_stitching.a,
				);
				PRODUCT_NAME = NPBOT;
				SYMROOT = ./build;
				USER_HEADER_SEARCH_PATHS = "\"$(CINDER_PATH)/include\" ../include ../blocks/ciUI/src ../blocks/OpenCV/include/opencv2 ../blocks/OpenCV/include";
				WRAPPER_EXTENSION = app;
			};
			name = Debug;
		};
		C01FCF4C08A954540054247B /* Release */ = {
			isa = XCBuildConfiguration;
			buildSettings = {
				COMBINE_HIDPI_IMAGES = YES;
				DEAD_CODE_STRIPPING = YES;
				DEBUG_INFORMATION_FORMAT = "dwarf-with-dsym";
				GCC_FAST_MATH = YES;
				GCC_GENERATE_DEBUGGING_SYMBOLS = NO;
				GCC_INLINES_ARE_PRIVATE_EXTERN = YES;
				GCC_OPTIMIZATION_LEVEL = 3;
				GCC_PRECOMPILE_PREFIX_HEADER = YES;
				GCC_PREFIX_HEADER = NPBOT_Prefix.pch;
				GCC_SYMBOLS_PRIVATE_EXTERN = NO;
				INFOPLIST_FILE = Info.plist;
				INSTALL_PATH = "$(HOME)/Applications";
				OTHER_LDFLAGS = "\"$(CINDER_PATH)/lib/libcinder.a\"";
				PRODUCT_NAME = NPBOT;
				STRIP_INSTALLED_PRODUCT = YES;
				SYMROOT = ./build;
				USER_HEADER_SEARCH_PATHS = "\"$(CINDER_PATH)/include\" ../include ../blocks/ciUI/src ../blocks/OpenCV/include/opencv2 ../blocks/OpenCV/include";
				WRAPPER_EXTENSION = app;
			};
			name = Release;
		};
		C01FCF4F08A954540054247B /* Debug */ = {
			isa = XCBuildConfiguration;
			buildSettings = {
				ALWAYS_SEARCH_USER_PATHS = NO;
				ARCHS = i386;
				CINDER_PATH = ../../..;
				CLANG_CXX_LANGUAGE_STANDARD = "c++0x";
				CLANG_CXX_LIBRARY = "libc++";
				GCC_WARN_ABOUT_RETURN_TYPE = YES;
				GCC_WARN_UNUSED_VARIABLE = YES;
				HEADER_SEARCH_PATHS = "\"$(CINDER_PATH)/boost\"";
				MACOSX_DEPLOYMENT_TARGET = 10.7;
				SDKROOT = macosx;
				USER_HEADER_SEARCH_PATHS = "\"$(CINDER_PATH)/include\" ../include ../blocks/ciUI/src";
			};
			name = Debug;
		};
		C01FCF5008A954540054247B /* Release */ = {
			isa = XCBuildConfiguration;
			buildSettings = {
				ALWAYS_SEARCH_USER_PATHS = NO;
				ARCHS = i386;
				CINDER_PATH = ../../..;
				CLANG_CXX_LANGUAGE_STANDARD = "c++0x";
				CLANG_CXX_LIBRARY = "libc++";
				GCC_WARN_ABOUT_RETURN_TYPE = YES;
				GCC_WARN_UNUSED_VARIABLE = YES;
				HEADER_SEARCH_PATHS = "\"$(CINDER_PATH)/boost\"";
				MACOSX_DEPLOYMENT_TARGET = 10.7;
				SDKROOT = macosx;
				USER_HEADER_SEARCH_PATHS = "\"$(CINDER_PATH)/include\" ../include ../blocks/ciUI/src";
			};
			name = Release;
		};
/* End XCBuildConfiguration section */

/* Begin XCConfigurationList section */
		C01FCF4A08A954540054247B /* Build configuration list for PBXNativeTarget "NPBOT" */ = {
			isa = XCConfigurationList;
			buildConfigurations = (
				C01FCF4B08A954540054247B /* Debug */,
				C01FCF4C08A954540054247B /* Release */,
			);
			defaultConfigurationIsVisible = 0;
			defaultConfigurationName = Release;
		};
		C01FCF4E08A954540054247B /* Build configuration list for PBXProject "NPBOT" */ = {
			isa = XCConfigurationList;
			buildConfigurations = (
				C01FCF4F08A954540054247B /* Debug */,
				C01FCF5008A954540054247B /* Release */,
			);
			defaultConfigurationIsVisible = 0;
			defaultConfigurationName = Release;
		};
/* End XCConfigurationList section */
	};
	rootObject = 29B97313FDCFA39411CA2CEA /* Project object */;
}
